
Microsoft Visual Studio Solution File, Format Version 12.00
# Visual Studio for Mac
Project("{FAE04EC0-301F-11D3-BF4B-00C04F79EFBC}") = "Super JB Bross", "Assembly-CSharp.csproj", "{793A1EE2-51C0-A465-BD4B-3644DFB1FA6D}"
EndProject
Global
	GlobalSection(SolutionConfigurationPlatforms) = preSolution
		Debug|Any CPU = Debug|Any CPU
		Release|Any CPU = Release|Any CPU
	EndGlobalSection
	GlobalSection(ProjectConfigurationPlatforms) = postSolution
		{793A1EE2-51C0-A465-BD4B-3644DFB1FA6D}.Debug|Any CPU.ActiveCfg = Debug|Any CPU
		{793A1EE2-51C0-A465-BD4B-3644DFB1FA6D}.Debug|Any CPU.Build.0 = Debug|Any CPU
		{793A1EE2-51C0-A465-BD4B-3644DFB1FA6D}.Release|Any CPU.ActiveCfg = Release|Any CPU
		{793A1EE2-51C0-A465-BD4B-3644DFB1FA6D}.Release|Any CPU.Build.0 = Release|Any CPU
	EndGlobalSection
	GlobalSection(SolutionProperties) = preSolution
		HideSolutionNode = FALSE
	EndGlobalSection
EndGlobal
