
Microsoft Visual Studio Solution File, Format Version 12.00
# Visual Studio for Mac
Project("{FAE04EC0-301F-11D3-BF4B-00C04F79EFBC}") = "Pocman", "Assembly-CSharp.csproj", "{EFEED0EB-722C-8699-094D-69C0D90D02AB}"
EndProject
Global
	GlobalSection(SolutionConfigurationPlatforms) = preSolution
		Debug|Any CPU = Debug|Any CPU
		Release|Any CPU = Release|Any CPU
	EndGlobalSection
	GlobalSection(ProjectConfigurationPlatforms) = postSolution
		{EFEED0EB-722C-8699-094D-69C0D90D02AB}.Debug|Any CPU.ActiveCfg = Debug|Any CPU
		{EFEED0EB-722C-8699-094D-69C0D90D02AB}.Debug|Any CPU.Build.0 = Debug|Any CPU
		{EFEED0EB-722C-8699-094D-69C0D90D02AB}.Release|Any CPU.ActiveCfg = Release|Any CPU
		{EFEED0EB-722C-8699-094D-69C0D90D02AB}.Release|Any CPU.Build.0 = Release|Any CPU
	EndGlobalSection
	GlobalSection(SolutionProperties) = preSolution
		HideSolutionNode = FALSE
	EndGlobalSection
EndGlobal
